
Microsoft Visual Studio Solution File, Format Version 12.00
# Visual Studio Version 17
VisualStudioVersion = 17.3.32819.101
MinimumVisualStudioVersion = 10.0.40219.1
Project("{FAE04EC0-301F-11D3-BF4B-00C04F79EFBC}") = "DotNetA3", "DotNetA3.csproj", "{A58F130C-7083-4EE9-9AF5-5F84904B9FFB}"
EndProject
Global
	GlobalSection(SolutionConfigurationPlatforms) = preSolution
		Debug|Any CPU = Debug|Any CPU
		Release|Any CPU = Release|Any CPU
	EndGlobalSection
	GlobalSection(ProjectConfigurationPlatforms) = postSolution
		{A58F130C-7083-4EE9-9AF5-5F84904B9FFB}.Debug|Any CPU.ActiveCfg = Debug|Any CPU
		{A58F130C-7083-4EE9-9AF5-5F84904B9FFB}.Debug|Any CPU.Build.0 = Debug|Any CPU
		{A58F130C-7083-4EE9-9AF5-5F84904B9FFB}.Release|Any CPU.ActiveCfg = Release|Any CPU
		{A58F130C-7083-4EE9-9AF5-5F84904B9FFB}.Release|Any CPU.Build.0 = Release|Any CPU
	EndGlobalSection
	GlobalSection(SolutionProperties) = preSolution
		HideSolutionNode = FALSE
	EndGlobalSection
	GlobalSection(ExtensibilityGlobals) = postSolution
		SolutionGuid = {7DF5FCC5-6D2E-45E0-B410-66DF665AC060}
	EndGlobalSection
EndGlobal
